// !$*UTF8*$!
{
	archiveVersion = 1;
	classes = {
	};
	objectVersion = 46;
	objects = {

/* Begin PBXBuildFile section */
		F5DDF2C01C9CA0A500B41B78 /* AppDelegate.swift in Sources */ = {isa = PBXBuildFile; fileRef = F5DDF2BF1C9CA0A500B41B78 /* AppDelegate.swift */; };
		F5DDF2C21C9CA0A500B41B78 /* ViewController.swift in Sources */ = {isa = PBXBuildFile; fileRef = F5DDF2C11C9CA0A500B41B78 /* ViewController.swift */; };
		F5DDF2C51C9CA0A500B41B78 /* Main.storyboard in Resources */ = {isa = PBXBuildFile; fileRef = F5DDF2C31C9CA0A500B41B78 /* Main.storyboard */; };
		F5DDF2C71C9CA0A500B41B78 /* Assets.xcassets in Resources */ = {isa = PBXBuildFile; fileRef = F5DDF2C61C9CA0A500B41B78 /* Assets.xcassets */; };
		F5DDF2CA1C9CA0A500B41B78 /* LaunchScreen.storyboard in Resources */ = {isa = PBXBuildFile; fileRef = F5DDF2C81C9CA0A500B41B78 /* LaunchScreen.storyboard */; };
		F5DDF2D51C9CA0A500B41B78 /* TestAppDelTests.swift in Sources */ = {isa = PBXBuildFile; fileRef = F5DDF2D41C9CA0A500B41B78 /* TestAppDelTests.swift */; };
		F5DDF2E01C9CA0A500B41B78 /* TestAppDelUITests.swift in Sources */ = {isa = PBXBuildFile; fileRef = F5DDF2DF1C9CA0A500B41B78 /* TestAppDelUITests.swift */; };
		F5E76D2E1CA3E6A70059B52A /* DynamicStackViewController.swift in Sources */ = {isa = PBXBuildFile; fileRef = F5E76D2D1CA3E6A70059B52A /* DynamicStackViewController.swift */; };
		F5FAE0791C9E9C6200BA85D0 /* ButtonWithLeftmostIcon.swift in Sources */ = {isa = PBXBuildFile; fileRef = F5FAE0781C9E9C6200BA85D0 /* ButtonWithLeftmostIcon.swift */; };
/* End PBXBuildFile section */

/* Begin PBXContainerItemProxy section */
		F5DDF2D11C9CA0A500B41B78 /* PBXContainerItemProxy */ = {
			isa = PBXContainerItemProxy;
			containerPortal = F5DDF2B41C9CA0A400B41B78 /* Project object */;
			proxyType = 1;
			remoteGlobalIDString = F5DDF2BB1C9CA0A400B41B78;
			remoteInfo = TestAppDel;
		};
		F5DDF2DC1C9CA0A500B41B78 /* PBXContainerItemProxy */ = {
			isa = PBXContainerItemProxy;
			containerPortal = F5DDF2B41C9CA0A400B41B78 /* Project object */;
			proxyType = 1;
			remoteGlobalIDString = F5DDF2BB1C9CA0A400B41B78;
			remoteInfo = TestAppDel;
		};
/* End PBXContainerItemProxy section */

/* Begin PBXFileReference section */
		F5DDF2BC1C9CA0A500B41B78 /* TestAppDel.app */ = {isa = PBXFileReference; explicitFileType = wrapper.application; includeInIndex = 0; path = TestAppDel.app; sourceTree = BUILT_PRODUCTS_DIR; };
		F5DDF2BF1C9CA0A500B41B78 /* AppDelegate.swift */ = {isa = PBXFileReference; lastKnownFileType = sourcecode.swift; path = AppDelegate.swift; sourceTree = "<group>"; };
		F5DDF2C11C9CA0A500B41B78 /* ViewController.swift */ = {isa = PBXFileReference; lastKnownFileType = sourcecode.swift; path = ViewController.swift; sourceTree = "<group>"; };
		F5DDF2C41C9CA0A500B41B78 /* Base */ = {isa = PBXFileReference; lastKnownFileType = file.storyboard; name = Base; path = Base.lproj/Main.storyboard; sourceTree = "<group>"; };
		F5DDF2C61C9CA0A500B41B78 /* Assets.xcassets */ = {isa = PBXFileReference; lastKnownFileType = folder.assetcatalog; path = Assets.xcassets; sourceTree = "<group>"; };
		F5DDF2C91C9CA0A500B41B78 /* Base */ = {isa = PBXFileReference; lastKnownFileType = file.storyboard; name = Base; path = Base.lproj/LaunchScreen.storyboard; sourceTree = "<group>"; };
		F5DDF2CB1C9CA0A500B41B78 /* Info.plist */ = {isa = PBXFileReference; lastKnownFileType = text.plist.xml; path = Info.plist; sourceTree = "<group>"; };
		F5DDF2D01C9CA0A500B41B78 /* TestAppDelTests.xctest */ = {isa = PBXFileReference; explicitFileType = wrapper.cfbundle; includeInIndex = 0; path = TestAppDelTests.xctest; sourceTree = BUILT_PRODUCTS_DIR; };
		F5DDF2D41C9CA0A500B41B78 /* TestAppDelTests.swift */ = {isa = PBXFileReference; lastKnownFileType = sourcecode.swift; path = TestAppDelTests.swift; sourceTree = "<group>"; };
		F5DDF2D61C9CA0A500B41B78 /* Info.plist */ = {isa = PBXFileReference; lastKnownFileType = text.plist.xml; path = Info.plist; sourceTree = "<group>"; };
		F5DDF2DB1C9CA0A500B41B78 /* TestAppDelUITests.xctest */ = {isa = PBXFileReference; explicitFileType = wrapper.cfbundle; includeInIndex = 0; path = TestAppDelUITests.xctest; sourceTree = BUILT_PRODUCTS_DIR; };
		F5DDF2DF1C9CA0A500B41B78 /* TestAppDelUITests.swift */ = {isa = PBXFileReference; lastKnownFileType = sourcecode.swift; path = TestAppDelUITests.swift; sourceTree = "<group>"; };
		F5DDF2E11C9CA0A500B41B78 /* Info.plist */ = {isa = PBXFileReference; lastKnownFileType = text.plist.xml; path = Info.plist; sourceTree = "<group>"; };
		F5E76D2D1CA3E6A70059B52A /* DynamicStackViewController.swift */ = {isa = PBXFileReference; fileEncoding = 4; lastKnownFileType = sourcecode.swift; name = DynamicStackViewController.swift; path = ../DynamicStackViewController.swift; sourceTree = "<group>"; };
		F5FAE0781C9E9C6200BA85D0 /* ButtonWithLeftmostIcon.swift */ = {isa = PBXFileReference; fileEncoding = 4; lastKnownFileType = sourcecode.swift; path = ButtonWithLeftmostIcon.swift; sourceTree = "<group>"; };
/* End PBXFileReference section */

/* Begin PBXFrameworksBuildPhase section */
		F5DDF2B91C9CA0A400B41B78 /* Frameworks */ = {
			isa = PBXFrameworksBuildPhase;
			buildActionMask = 2147483647;
			files = (
			);
			runOnlyForDeploymentPostprocessing = 0;
		};
		F5DDF2CD1C9CA0A500B41B78 /* Frameworks */ = {
			isa = PBXFrameworksBuildPhase;
			buildActionMask = 2147483647;
			files = (
			);
			runOnlyForDeploymentPostprocessing = 0;
		};
		F5DDF2D81C9CA0A500B41B78 /* Frameworks */ = {
			isa = PBXFrameworksBuildPhase;
			buildActionMask = 2147483647;
			files = (
			);
			runOnlyForDeploymentPostprocessing = 0;
		};
/* End PBXFrameworksBuildPhase section */

/* Begin PBXGroup section */
		F5DDF2B31C9CA0A400B41B78 = {
			isa = PBXGroup;
			children = (
				F5DDF2BE1C9CA0A500B41B78 /* TestAppDel */,
				F5DDF2D31C9CA0A500B41B78 /* TestAppDelTests */,
				F5DDF2DE1C9CA0A500B41B78 /* TestAppDelUITests */,
				F5DDF2BD1C9CA0A500B41B78 /* Products */,
			);
			sourceTree = "<group>";
		};
		F5DDF2BD1C9CA0A500B41B78 /* Products */ = {
			isa = PBXGroup;
			children = (
				F5DDF2BC1C9CA0A500B41B78 /* TestAppDel.app */,
				F5DDF2D01C9CA0A500B41B78 /* TestAppDelTests.xctest */,
				F5DDF2DB1C9CA0A500B41B78 /* TestAppDelUITests.xctest */,
			);
			name = Products;
			sourceTree = "<group>";
		};
		F5DDF2BE1C9CA0A500B41B78 /* TestAppDel */ = {
			isa = PBXGroup;
			children = (
				F5DDF2BF1C9CA0A500B41B78 /* AppDelegate.swift */,
				F5DDF2C11C9CA0A500B41B78 /* ViewController.swift */,
				F5FAE0781C9E9C6200BA85D0 /* ButtonWithLeftmostIcon.swift */,
				F5E76D2D1CA3E6A70059B52A /* DynamicStackViewController.swift */,
				F5DDF2C31C9CA0A500B41B78 /* Main.storyboard */,
				F5DDF2C61C9CA0A500B41B78 /* Assets.xcassets */,
				F5DDF2C81C9CA0A500B41B78 /* LaunchScreen.storyboard */,
				F5DDF2CB1C9CA0A500B41B78 /* Info.plist */,
			);
			path = TestAppDel;
			sourceTree = "<group>";
		};
		F5DDF2D31C9CA0A500B41B78 /* TestAppDelTests */ = {
			isa = PBXGroup;
			children = (
				F5DDF2D41C9CA0A500B41B78 /* TestAppDelTests.swift */,
				F5DDF2D61C9CA0A500B41B78 /* Info.plist */,
			);
			path = TestAppDelTests;
			sourceTree = "<group>";
		};
		F5DDF2DE1C9CA0A500B41B78 /* TestAppDelUITests */ = {
			isa = PBXGroup;
			children = (
				F5DDF2DF1C9CA0A500B41B78 /* TestAppDelUITests.swift */,
				F5DDF2E11C9CA0A500B41B78 /* Info.plist */,
			);
			path = TestAppDelUITests;
			sourceTree = "<group>";
		};
/* End PBXGroup section */

/* Begin PBXNativeTarget section */
		F5DDF2BB1C9CA0A400B41B78 /* TestAppDel */ = {
			isa = PBXNativeTarget;
			buildConfigurationList = F5DDF2E41C9CA0A500B41B78 /* Build configuration list for PBXNativeTarget "TestAppDel" */;
			buildPhases = (
				F5DDF2B81C9CA0A400B41B78 /* Sources */,
				F5DDF2B91C9CA0A400B41B78 /* Frameworks */,
				F5DDF2BA1C9CA0A400B41B78 /* Resources */,
			);
			buildRules = (
			);
			dependencies = (
			);
			name = TestAppDel;
			productName = TestAppDel;
			productReference = F5DDF2BC1C9CA0A500B41B78 /* TestAppDel.app */;
			productType = "com.apple.product-type.application";
		};
		F5DDF2CF1C9CA0A500B41B78 /* TestAppDelTests */ = {
			isa = PBXNativeTarget;
			buildConfigurationList = F5DDF2E71C9CA0A500B41B78 /* Build configuration list for PBXNativeTarget "TestAppDelTests" */;
			buildPhases = (
				F5DDF2CC1C9CA0A500B41B78 /* Sources */,
				F5DDF2CD1C9CA0A500B41B78 /* Frameworks */,
				F5DDF2CE1C9CA0A500B41B78 /* Resources */,
			);
			buildRules = (
			);
			dependencies = (
				F5DDF2D21C9CA0A500B41B78 /* PBXTargetDependency */,
			);
			name = TestAppDelTests;
			productName = TestAppDelTests;
			productReference = F5DDF2D01C9CA0A500B41B78 /* TestAppDelTests.xctest */;
			productType = "com.apple.product-type.bundle.unit-test";
		};
		F5DDF2DA1C9CA0A500B41B78 /* TestAppDelUITests */ = {
			isa = PBXNativeTarget;
			buildConfigurationList = F5DDF2EA1C9CA0A500B41B78 /* Build configuration list for PBXNativeTarget "TestAppDelUITests" */;
			buildPhases = (
				F5DDF2D71C9CA0A500B41B78 /* Sources */,
				F5DDF2D81C9CA0A500B41B78 /* Frameworks */,
				F5DDF2D91C9CA0A500B41B78 /* Resources */,
			);
			buildRules = (
			);
			dependencies = (
				F5DDF2DD1C9CA0A500B41B78 /* PBXTargetDependency */,
			);
			name = TestAppDelUITests;
			productName = TestAppDelUITests;
			productReference = F5DDF2DB1C9CA0A500B41B78 /* TestAppDelUITests.xctest */;
			productType = "com.apple.product-type.bundle.ui-testing";
		};
/* End PBXNativeTarget section */

/* Begin PBXProject section */
		F5DDF2B41C9CA0A400B41B78 /* Project object */ = {
			isa = PBXProject;
			attributes = {
				LastSwiftUpdateCheck = 0720;
				LastUpgradeCheck = 0720;
				ORGANIZATIONNAME = "Arslan Zagidullin";
				TargetAttributes = {
					F5DDF2BB1C9CA0A400B41B78 = {
						CreatedOnToolsVersion = 7.2.1;
					};
					F5DDF2CF1C9CA0A500B41B78 = {
						CreatedOnToolsVersion = 7.2.1;
						TestTargetID = F5DDF2BB1C9CA0A400B41B78;
					};
					F5DDF2DA1C9CA0A500B41B78 = {
						CreatedOnToolsVersion = 7.2.1;
						TestTargetID = F5DDF2BB1C9CA0A400B41B78;
					};
				};
			};
			buildConfigurationList = F5DDF2B71C9CA0A400B41B78 /* Build configuration list for PBXProject "TestAppDel" */;
			compatibilityVersion = "Xcode 3.2";
			developmentRegion = English;
			hasScannedForEncodings = 0;
			knownRegions = (
				en,
				Base,
			);
			mainGroup = F5DDF2B31C9CA0A400B41B78;
			productRefGroup = F5DDF2BD1C9CA0A500B41B78 /* Products */;
			projectDirPath = "";
			projectRoot = "";
			targets = (
				F5DDF2BB1C9CA0A400B41B78 /* TestAppDel */,
				F5DDF2CF1C9CA0A500B41B78 /* TestAppDelTests */,
				F5DDF2DA1C9CA0A500B41B78 /* TestAppDelUITests */,
			);
		};
/* End PBXProject section */

/* Begin PBXResourcesBuildPhase section */
		F5DDF2BA1C9CA0A400B41B78 /* Resources */ = {
			isa = PBXResourcesBuildPhase;
			buildActionMask = 2147483647;
			files = (
				F5DDF2CA1C9CA0A500B41B78 /* LaunchScreen.storyboard in Resources */,
				F5DDF2C71C9CA0A500B41B78 /* Assets.xcassets in Resources */,
				F5DDF2C51C9CA0A500B41B78 /* Main.storyboard in Resources */,
			);
			runOnlyForDeploymentPostprocessing = 0;
		};
		F5DDF2CE1C9CA0A500B41B78 /* Resources */ = {
			isa = PBXResourcesBuildPhase;
			buildActionMask = 2147483647;
			files = (
			);
			runOnlyForDeploymentPostprocessing = 0;
		};
		F5DDF2D91C9CA0A500B41B78 /* Resources */ = {
			isa = PBXResourcesBuildPhase;
			buildActionMask = 2147483647;
			files = (
			);
			runOnlyForDeploymentPostprocessing = 0;
		};
/* End PBXResourcesBuildPhase section */

/* Begin PBXSourcesBuildPhase section */
		F5DDF2B81C9CA0A400B41B78 /* Sources */ = {
			isa = PBXSourcesBuildPhase;
			buildActionMask = 2147483647;
			files = (
				F5DDF2C21C9CA0A500B41B78 /* ViewController.swift in Sources */,
				F5DDF2C01C9CA0A500B41B78 /* AppDelegate.swift in Sources */,
				F5E76D2E1CA3E6A70059B52A /* DynamicStackViewController.swift in Sources */,
				F5FAE0791C9E9C6200BA85D0 /* ButtonWithLeftmostIcon.swift in Sources */,
			);
			runOnlyForDeploymentPostprocessing = 0;
		};
		F5DDF2CC1C9CA0A500B41B78 /* Sources */ = {
			isa = PBXSourcesBuildPhase;
			buildActionMask = 2147483647;
			files = (
				F5DDF2D51C9CA0A500B41B78 /* TestAppDelTests.swift in Sources */,
			);
			runOnlyForDeploymentPostprocessing = 0;
		};
		F5DDF2D71C9CA0A500B41B78 /* Sources */ = {
			isa = PBXSourcesBuildPhase;
			buildActionMask = 2147483647;
			files = (
				F5DDF2E01C9CA0A500B41B78 /* TestAppDelUITests.swift in Sources */,
			);
			runOnlyForDeploymentPostprocessing = 0;
		};
/* End PBXSourcesBuildPhase section */

/* Begin PBXTargetDependency section */
		F5DDF2D21C9CA0A500B41B78 /* PBXTargetDependency */ = {
			isa = PBXTargetDependency;
			target = F5DDF2BB1C9CA0A400B41B78 /* TestAppDel */;
			targetProxy = F5DDF2D11C9CA0A500B41B78 /* PBXContainerItemProxy */;
		};
		F5DDF2DD1C9CA0A500B41B78 /* PBXTargetDependency */ = {
			isa = PBXTargetDependency;
			target = F5DDF2BB1C9CA0A400B41B78 /* TestAppDel */;
			targetProxy = F5DDF2DC1C9CA0A500B41B78 /* PBXContainerItemProxy */;
		};
/* End PBXTargetDependency section */

/* Begin PBXVariantGroup section */
		F5DDF2C31C9CA0A500B41B78 /* Main.storyboard */ = {
			isa = PBXVariantGroup;
			children = (
				F5DDF2C41C9CA0A500B41B78 /* Base */,
			);
			name = Main.storyboard;
			sourceTree = "<group>";
		};
		F5DDF2C81C9CA0A500B41B78 /* LaunchScreen.storyboard */ = {
			isa = PBXVariantGroup;
			children = (
				F5DDF2C91C9CA0A500B41B78 /* Base */,
			);
			name = LaunchScreen.storyboard;
			sourceTree = "<group>";
		};
/* End PBXVariantGroup section */

/* Begin XCBuildConfiguration section */
		F5DDF2E21C9CA0A500B41B78 /* Debug */ = {
			isa = XCBuildConfiguration;
			buildSettings = {
				ALWAYS_SEARCH_USER_PATHS = NO;
				CLANG_CXX_LANGUAGE_STANDARD = "gnu++0x";
				CLANG_CXX_LIBRARY = "libc++";
				CLANG_ENABLE_MODULES = YES;
				CLANG_ENABLE_OBJC_ARC = YES;
				CLANG_WARN_BOOL_CONVERSION = YES;
				CLANG_WARN_CONSTANT_CONVERSION = YES;
				CLANG_WARN_DIRECT_OBJC_ISA_USAGE = YES_ERROR;
				CLANG_WARN_EMPTY_BODY = YES;
				CLANG_WARN_ENUM_CONVERSION = YES;
				CLANG_WARN_INT_CONVERSION = YES;
				CLANG_WARN_OBJC_ROOT_CLASS = YES_ERROR;
				CLANG_WARN_UNREACHABLE_CODE = YES;
				CLANG_WARN__DUPLICATE_METHOD_MATCH = YES;
				"CODE_SIGN_IDENTITY[sdk=iphoneos*]" = "iPhone Developer";
				COPY_PHASE_STRIP = NO;
				DEBUG_INFORMATION_FORMAT = dwarf;
				ENABLE_STRICT_OBJC_MSGSEND = YES;
				ENABLE_TESTABILITY = YES;
				GCC_C_LANGUAGE_STANDARD = gnu99;
				GCC_DYNAMIC_NO_PIC = NO;
				GCC_NO_COMMON_BLOCKS = YES;
				GCC_OPTIMIZATION_LEVEL = 0;
				GCC_PREPROCESSOR_DEFINITIONS = (
					"DEBUG=1",
					"$(inherited)",
				);
				GCC_WARN_64_TO_32_BIT_CONVERSION = YES;
				GCC_WARN_ABOUT_RETURN_TYPE = YES_ERROR;
				GCC_WARN_UNDECLARED_SELECTOR = YES;
				GCC_WARN_UNINITIALIZED_AUTOS = YES_AGGRESSIVE;
				GCC_WARN_UNUSED_FUNCTION = YES;
				GCC_WARN_UNUSED_VARIABLE = YES;
				IPHONEOS_DEPLOYMENT_TARGET = 9.2;
				MTL_ENABLE_DEBUG_INFO = YES;
				ONLY_ACTIVE_ARCH = YES;
				SDKROOT = iphoneos;
				SWIFT_OPTIMIZATION_LEVEL = "-Onone";
				TARGETED_DEVICE_FAMILY = "1,2";
			};
			name = Debug;
		};
		F5DDF2E31C9CA0A500B41B78 /* Release */ = {
			isa = XCBuildConfiguration;
			buildSettings = {
				ALWAYS_SEARCH_USER_PATHS = NO;
				CLANG_CXX_LANGUAGE_STANDARD = "gnu++0x";
				CLANG_CXX_LIBRARY = "libc++";
				CLANG_ENABLE_MODULES = YES;
				CLANG_ENABLE_OBJC_ARC = YES;
				CLANG_WARN_BOOL_CONVERSION = YES;
				CLANG_WARN_CONSTANT_CONVERSION = YES;
				CLANG_WARN_DIRECT_OBJC_ISA_USAGE = YES_ERROR;
				CLANG_WARN_EMPTY_BODY = YES;
				CLANG_WARN_ENUM_CONVERSION = YES;
				CLANG_WARN_INT_CONVERSION = YES;
				CLANG_WARN_OBJC_ROOT_CLASS = YES_ERROR;
				CLANG_WARN_UNREACHABLE_CODE = YES;
				CLANG_WARN__DUPLICATE_METHOD_MATCH = YES;
				"CODE_SIGN_IDENTITY[sdk=iphoneos*]" = "iPhone Developer";
				COPY_PHASE_STRIP = NO;
				DEBUG_INFORMATION_FORMAT = "dwarf-with-dsym";
				ENABLE_NS_ASSERTIONS = NO;
				ENABLE_STRICT_OBJC_MSGSEND = YES;
				GCC_C_LANGUAGE_STANDARD = gnu99;
				GCC_NO_COMMON_BLOCKS = YES;
				GCC_WARN_64_TO_32_BIT_CONVERSION = YES;
				GCC_WARN_ABOUT_RETURN_TYPE = YES_ERROR;
				GCC_WARN_UNDECLARED_SELECTOR = YES;
				GCC_WARN_UNINITIALIZED_AUTOS = YES_AGGRESSIVE;
				GCC_WARN_UNUSED_FUNCTION = YES;
				GCC_WARN_UNUSED_VARIABLE = YES;
				IPHONEOS_DEPLOYMENT_TARGET = 9.2;
				MTL_ENABLE_DEBUG_INFO = NO;
				SDKROOT = iphoneos;
				TARGETED_DEVICE_FAMILY = "1,2";
				VALIDATE_PRODUCT = YES;
			};
			name = Release;
		};
		F5DDF2E51C9CA0A500B41B78 /* Debug */ = {
			isa = XCBuildConfiguration;
			buildSettings = {
				ASSETCATALOG_COMPILER_APPICON_NAME = AppIcon;
				INFOPLIST_FILE = TestAppDel/Info.plist;
				LD_RUNPATH_SEARCH_PATHS = "$(inherited) @executable_path/Frameworks";
				PRODUCT_BUNDLE_IDENTIFIER = "-.TestAppDel";
				PRODUCT_NAME = "$(TARGET_NAME)";
			};
			name = Debug;
		};
		F5DDF2E61C9CA0A500B41B78 /* Release */ = {
			isa = XCBuildConfiguration;
			buildSettings = {
				ASSETCATALOG_COMPILER_APPICON_NAME = AppIcon;
				INFOPLIST_FILE = TestAppDel/Info.plist;
				LD_RUNPATH_SEARCH_PATHS = "$(inherited) @executable_path/Frameworks";
				PRODUCT_BUNDLE_IDENTIFIER = "-.TestAppDel";
				PRODUCT_NAME = "$(TARGET_NAME)";
			};
			name = Release;
		};
		F5DDF2E81C9CA0A500B41B78 /* Debug */ = {
			isa = XCBuildConfiguration;
			buildSettings = {
				BUNDLE_LOADER = "$(TEST_HOST)";
				INFOPLIST_FILE = TestAppDelTests/Info.plist;
				LD_RUNPATH_SEARCH_PATHS = "$(inherited) @executable_path/Frameworks @loader_path/Frameworks";
				PRODUCT_BUNDLE_IDENTIFIER = "-.TestAppDelTests";
				PRODUCT_NAME = "$(TARGET_NAME)";
				TEST_HOST = "$(BUILT_PRODUCTS_DIR)/TestAppDel.app/TestAppDel";
			};
			name = Debug;
		};
		F5DDF2E91C9CA0A500B41B78 /* Release */ = {
			isa = XCBuildConfiguration;
			buildSettings = {
				BUNDLE_LOADER = "$(TEST_HOST)";
				INFOPLIST_FILE = TestAppDelTests/Info.plist;
				LD_RUNPATH_SEARCH_PATHS = "$(inherited) @executable_path/Frameworks @loader_path/Frameworks";
				PRODUCT_BUNDLE_IDENTIFIER = "-.TestAppDelTests";
				PRODUCT_NAME = "$(TARGET_NAME)";
				TEST_HOST = "$(BUILT_PRODUCTS_DIR)/TestAppDel.app/TestAppDel";
			};
			name = Release;
		};
		F5DDF2EB1C9CA0A500B41B78 /* Debug */ = {
			isa = XCBuildConfiguration;
			buildSettings = {
				INFOPLIST_FILE = TestAppDelUITests/Info.plist;
				LD_RUNPATH_SEARCH_PATHS = "$(inherited) @executable_path/Frameworks @loader_path/Frameworks";
				PRODUCT_BUNDLE_IDENTIFIER = "-.TestAppDelUITests";
				PRODUCT_NAME = "$(TARGET_NAME)";
				TEST_TARGET_NAME = TestAppDel;
				USES_XCTRUNNER = YES;
			};
			name = Debug;
		};
		F5DDF2EC1C9CA0A500B41B78 /* Release */ = {
			isa = XCBuildConfiguration;
			buildSettings = {
				INFOPLIST_FILE = TestAppDelUITests/Info.plist;
				LD_RUNPATH_SEARCH_PATHS = "$(inherited) @executable_path/Frameworks @loader_path/Frameworks";
				PRODUCT_BUNDLE_IDENTIFIER = "-.TestAppDelUITests";
				PRODUCT_NAME = "$(TARGET_NAME)";
				TEST_TARGET_NAME = TestAppDel;
				USES_XCTRUNNER = YES;
			};
			name = Release;
		};
/* End XCBuildConfiguration section */

/* Begin XCConfigurationList section */
		F5DDF2B71C9CA0A400B41B78 /* Build configuration list for PBXProject "TestAppDel" */ = {
			isa = XCConfigurationList;
			buildConfigurations = (
				F5DDF2E21C9CA0A500B41B78 /* Debug */,
				F5DDF2E31C9CA0A500B41B78 /* Release */,
			);
			defaultConfigurationIsVisible = 0;
			defaultConfigurationName = Release;
		};
		F5DDF2E41C9CA0A500B41B78 /* Build configuration list for PBXNativeTarget "TestAppDel" */ = {
			isa = XCConfigurationList;
			buildConfigurations = (
				F5DDF2E51C9CA0A500B41B78 /* Debug */,
				F5DDF2E61C9CA0A500B41B78 /* Release */,
			);
			defaultConfigurationIsVisible = 0;
			defaultConfigurationName = Release;
		};
		F5DDF2E71C9CA0A500B41B78 /* Build configuration list for PBXNativeTarget "TestAppDelTests" */ = {
			isa = XCConfigurationList;
			buildConfigurations = (
				F5DDF2E81C9CA0A500B41B78 /* Debug */,
				F5DDF2E91C9CA0A500B41B78 /* Release */,
			);
			defaultConfigurationIsVisible = 0;
			defaultConfigurationName = Release;
		};
		F5DDF2EA1C9CA0A500B41B78 /* Build configuration list for PBXNativeTarget "TestAppDelUITests" */ = {
			isa = XCConfigurationList;
			buildConfigurations = (
				F5DDF2EB1C9CA0A500B41B78 /* Debug */,
				F5DDF2EC1C9CA0A500B41B78 /* Release */,
			);
			defaultConfigurationIsVisible = 0;
			defaultConfigurationName = Release;
		};
/* End XCConfigurationList section */
	};
	rootObject = F5DDF2B41C9CA0A400B41B78 /* Project object */;
}
