// !$*UTF8*$!
{
	archiveVersion = 1;
	classes = {
	};
	objectVersion = 46;
	objects = {

/* Begin PBXBuildFile section */
		F54AC1D21CD4AFB100D2F307 /* AppDelegate.swift in Sources */ = {isa = PBXBuildFile; fileRef = F54AC1D11CD4AFB100D2F307 /* AppDelegate.swift */; };
		F54AC1D41CD4AFB100D2F307 /* ViewController.swift in Sources */ = {isa = PBXBuildFile; fileRef = F54AC1D31CD4AFB100D2F307 /* ViewController.swift */; };
		F54AC1D71CD4AFB100D2F307 /* Main.storyboard in Resources */ = {isa = PBXBuildFile; fileRef = F54AC1D51CD4AFB100D2F307 /* Main.storyboard */; };
		F54AC1D91CD4AFB100D2F307 /* Assets.xcassets in Resources */ = {isa = PBXBuildFile; fileRef = F54AC1D81CD4AFB100D2F307 /* Assets.xcassets */; };
		F54AC1DC1CD4AFB100D2F307 /* LaunchScreen.storyboard in Resources */ = {isa = PBXBuildFile; fileRef = F54AC1DA1CD4AFB100D2F307 /* LaunchScreen.storyboard */; };
		F54AC1E71CD4AFB100D2F307 /* ComponentsTests.swift in Sources */ = {isa = PBXBuildFile; fileRef = F54AC1E61CD4AFB100D2F307 /* ComponentsTests.swift */; };
		F54AC1F21CD4AFB100D2F307 /* ComponentsUITests.swift in Sources */ = {isa = PBXBuildFile; fileRef = F54AC1F11CD4AFB100D2F307 /* ComponentsUITests.swift */; };
/* End PBXBuildFile section */

/* Begin PBXContainerItemProxy section */
		F54AC1E31CD4AFB100D2F307 /* PBXContainerItemProxy */ = {
			isa = PBXContainerItemProxy;
			containerPortal = F54AC1C61CD4AFB100D2F307 /* Project object */;
			proxyType = 1;
			remoteGlobalIDString = F54AC1CD1CD4AFB100D2F307;
			remoteInfo = Components;
		};
		F54AC1EE1CD4AFB100D2F307 /* PBXContainerItemProxy */ = {
			isa = PBXContainerItemProxy;
			containerPortal = F54AC1C61CD4AFB100D2F307 /* Project object */;
			proxyType = 1;
			remoteGlobalIDString = F54AC1CD1CD4AFB100D2F307;
			remoteInfo = Components;
		};
/* End PBXContainerItemProxy section */

/* Begin PBXFileReference section */
		F54AC1CE1CD4AFB100D2F307 /* Components.app */ = {isa = PBXFileReference; explicitFileType = wrapper.application; includeInIndex = 0; path = Components.app; sourceTree = BUILT_PRODUCTS_DIR; };
		F54AC1D11CD4AFB100D2F307 /* AppDelegate.swift */ = {isa = PBXFileReference; lastKnownFileType = sourcecode.swift; path = AppDelegate.swift; sourceTree = "<group>"; };
		F54AC1D31CD4AFB100D2F307 /* ViewController.swift */ = {isa = PBXFileReference; lastKnownFileType = sourcecode.swift; path = ViewController.swift; sourceTree = "<group>"; };
		F54AC1D61CD4AFB100D2F307 /* Base */ = {isa = PBXFileReference; lastKnownFileType = file.storyboard; name = Base; path = Base.lproj/Main.storyboard; sourceTree = "<group>"; };
		F54AC1D81CD4AFB100D2F307 /* Assets.xcassets */ = {isa = PBXFileReference; lastKnownFileType = folder.assetcatalog; path = Assets.xcassets; sourceTree = "<group>"; };
		F54AC1DB1CD4AFB100D2F307 /* Base */ = {isa = PBXFileReference; lastKnownFileType = file.storyboard; name = Base; path = Base.lproj/LaunchScreen.storyboard; sourceTree = "<group>"; };
		F54AC1DD1CD4AFB100D2F307 /* Info.plist */ = {isa = PBXFileReference; lastKnownFileType = text.plist.xml; path = Info.plist; sourceTree = "<group>"; };
		F54AC1E21CD4AFB100D2F307 /* ComponentsTests.xctest */ = {isa = PBXFileReference; explicitFileType = wrapper.cfbundle; includeInIndex = 0; path = ComponentsTests.xctest; sourceTree = BUILT_PRODUCTS_DIR; };
		F54AC1E61CD4AFB100D2F307 /* ComponentsTests.swift */ = {isa = PBXFileReference; lastKnownFileType = sourcecode.swift; path = ComponentsTests.swift; sourceTree = "<group>"; };
		F54AC1E81CD4AFB100D2F307 /* Info.plist */ = {isa = PBXFileReference; lastKnownFileType = text.plist.xml; path = Info.plist; sourceTree = "<group>"; };
		F54AC1ED1CD4AFB100D2F307 /* ComponentsUITests.xctest */ = {isa = PBXFileReference; explicitFileType = wrapper.cfbundle; includeInIndex = 0; path = ComponentsUITests.xctest; sourceTree = BUILT_PRODUCTS_DIR; };
		F54AC1F11CD4AFB100D2F307 /* ComponentsUITests.swift */ = {isa = PBXFileReference; lastKnownFileType = sourcecode.swift; path = ComponentsUITests.swift; sourceTree = "<group>"; };
		F54AC1F31CD4AFB100D2F307 /* Info.plist */ = {isa = PBXFileReference; lastKnownFileType = text.plist.xml; path = Info.plist; sourceTree = "<group>"; };
/* End PBXFileReference section */

/* Begin PBXFrameworksBuildPhase section */
		F54AC1CB1CD4AFB100D2F307 /* Frameworks */ = {
			isa = PBXFrameworksBuildPhase;
			buildActionMask = 2147483647;
			files = (
			);
			runOnlyForDeploymentPostprocessing = 0;
		};
		F54AC1DF1CD4AFB100D2F307 /* Frameworks */ = {
			isa = PBXFrameworksBuildPhase;
			buildActionMask = 2147483647;
			files = (
			);
			runOnlyForDeploymentPostprocessing = 0;
		};
		F54AC1EA1CD4AFB100D2F307 /* Frameworks */ = {
			isa = PBXFrameworksBuildPhase;
			buildActionMask = 2147483647;
			files = (
			);
			runOnlyForDeploymentPostprocessing = 0;
		};
/* End PBXFrameworksBuildPhase section */

/* Begin PBXGroup section */
		F54AC1C51CD4AFB100D2F307 = {
			isa = PBXGroup;
			children = (
				F54AC1D01CD4AFB100D2F307 /* Components */,
				F54AC1E51CD4AFB100D2F307 /* ComponentsTests */,
				F54AC1F01CD4AFB100D2F307 /* ComponentsUITests */,
				F54AC1CF1CD4AFB100D2F307 /* Products */,
			);
			sourceTree = "<group>";
		};
		F54AC1CF1CD4AFB100D2F307 /* Products */ = {
			isa = PBXGroup;
			children = (
				F54AC1CE1CD4AFB100D2F307 /* Components.app */,
				F54AC1E21CD4AFB100D2F307 /* ComponentsTests.xctest */,
				F54AC1ED1CD4AFB100D2F307 /* ComponentsUITests.xctest */,
			);
			name = Products;
			sourceTree = "<group>";
		};
		F54AC1D01CD4AFB100D2F307 /* Components */ = {
			isa = PBXGroup;
			children = (
				F54AC1D11CD4AFB100D2F307 /* AppDelegate.swift */,
				F54AC1D31CD4AFB100D2F307 /* ViewController.swift */,
				F54AC1D51CD4AFB100D2F307 /* Main.storyboard */,
				F54AC1D81CD4AFB100D2F307 /* Assets.xcassets */,
				F54AC1DA1CD4AFB100D2F307 /* LaunchScreen.storyboard */,
				F54AC1DD1CD4AFB100D2F307 /* Info.plist */,
			);
			path = Components;
			sourceTree = "<group>";
		};
		F54AC1E51CD4AFB100D2F307 /* ComponentsTests */ = {
			isa = PBXGroup;
			children = (
				F54AC1E61CD4AFB100D2F307 /* ComponentsTests.swift */,
				F54AC1E81CD4AFB100D2F307 /* Info.plist */,
			);
			path = ComponentsTests;
			sourceTree = "<group>";
		};
		F54AC1F01CD4AFB100D2F307 /* ComponentsUITests */ = {
			isa = PBXGroup;
			children = (
				F54AC1F11CD4AFB100D2F307 /* ComponentsUITests.swift */,
				F54AC1F31CD4AFB100D2F307 /* Info.plist */,
			);
			path = ComponentsUITests;
			sourceTree = "<group>";
		};
/* End PBXGroup section */

/* Begin PBXNativeTarget section */
		F54AC1CD1CD4AFB100D2F307 /* Components */ = {
			isa = PBXNativeTarget;
			buildConfigurationList = F54AC1F61CD4AFB100D2F307 /* Build configuration list for PBXNativeTarget "Components" */;
			buildPhases = (
				F54AC1CA1CD4AFB100D2F307 /* Sources */,
				F54AC1CB1CD4AFB100D2F307 /* Frameworks */,
				F54AC1CC1CD4AFB100D2F307 /* Resources */,
			);
			buildRules = (
			);
			dependencies = (
			);
			name = Components;
			productName = Components;
			productReference = F54AC1CE1CD4AFB100D2F307 /* Components.app */;
			productType = "com.apple.product-type.application";
		};
		F54AC1E11CD4AFB100D2F307 /* ComponentsTests */ = {
			isa = PBXNativeTarget;
			buildConfigurationList = F54AC1F91CD4AFB100D2F307 /* Build configuration list for PBXNativeTarget "ComponentsTests" */;
			buildPhases = (
				F54AC1DE1CD4AFB100D2F307 /* Sources */,
				F54AC1DF1CD4AFB100D2F307 /* Frameworks */,
				F54AC1E01CD4AFB100D2F307 /* Resources */,
			);
			buildRules = (
			);
			dependencies = (
				F54AC1E41CD4AFB100D2F307 /* PBXTargetDependency */,
			);
			name = ComponentsTests;
			productName = ComponentsTests;
			productReference = F54AC1E21CD4AFB100D2F307 /* ComponentsTests.xctest */;
			productType = "com.apple.product-type.bundle.unit-test";
		};
		F54AC1EC1CD4AFB100D2F307 /* ComponentsUITests */ = {
			isa = PBXNativeTarget;
			buildConfigurationList = F54AC1FC1CD4AFB100D2F307 /* Build configuration list for PBXNativeTarget "ComponentsUITests" */;
			buildPhases = (
				F54AC1E91CD4AFB100D2F307 /* Sources */,
				F54AC1EA1CD4AFB100D2F307 /* Frameworks */,
				F54AC1EB1CD4AFB100D2F307 /* Resources */,
			);
			buildRules = (
			);
			dependencies = (
				F54AC1EF1CD4AFB100D2F307 /* PBXTargetDependency */,
			);
			name = ComponentsUITests;
			productName = ComponentsUITests;
			productReference = F54AC1ED1CD4AFB100D2F307 /* ComponentsUITests.xctest */;
			productType = "com.apple.product-type.bundle.ui-testing";
		};
/* End PBXNativeTarget section */

/* Begin PBXProject section */
		F54AC1C61CD4AFB100D2F307 /* Project object */ = {
			isa = PBXProject;
			attributes = {
				LastSwiftUpdateCheck = 0730;
				LastUpgradeCheck = 0730;
				ORGANIZATIONNAME = "Arslan Zagidullin";
				TargetAttributes = {
					F54AC1CD1CD4AFB100D2F307 = {
						CreatedOnToolsVersion = 7.3;
					};
					F54AC1E11CD4AFB100D2F307 = {
						CreatedOnToolsVersion = 7.3;
						TestTargetID = F54AC1CD1CD4AFB100D2F307;
					};
					F54AC1EC1CD4AFB100D2F307 = {
						CreatedOnToolsVersion = 7.3;
						TestTargetID = F54AC1CD1CD4AFB100D2F307;
					};
				};
			};
			buildConfigurationList = F54AC1C91CD4AFB100D2F307 /* Build configuration list for PBXProject "Components" */;
			compatibilityVersion = "Xcode 3.2";
			developmentRegion = English;
			hasScannedForEncodings = 0;
			knownRegions = (
				en,
				Base,
			);
			mainGroup = F54AC1C51CD4AFB100D2F307;
			productRefGroup = F54AC1CF1CD4AFB100D2F307 /* Products */;
			projectDirPath = "";
			projectRoot = "";
			targets = (
				F54AC1CD1CD4AFB100D2F307 /* Components */,
				F54AC1E11CD4AFB100D2F307 /* ComponentsTests */,
				F54AC1EC1CD4AFB100D2F307 /* ComponentsUITests */,
			);
		};
/* End PBXProject section */

/* Begin PBXResourcesBuildPhase section */
		F54AC1CC1CD4AFB100D2F307 /* Resources */ = {
			isa = PBXResourcesBuildPhase;
			buildActionMask = 2147483647;
			files = (
				F54AC1DC1CD4AFB100D2F307 /* LaunchScreen.storyboard in Resources */,
				F54AC1D91CD4AFB100D2F307 /* Assets.xcassets in Resources */,
				F54AC1D71CD4AFB100D2F307 /* Main.storyboard in Resources */,
			);
			runOnlyForDeploymentPostprocessing = 0;
		};
		F54AC1E01CD4AFB100D2F307 /* Resources */ = {
			isa = PBXResourcesBuildPhase;
			buildActionMask = 2147483647;
			files = (
			);
			runOnlyForDeploymentPostprocessing = 0;
		};
		F54AC1EB1CD4AFB100D2F307 /* Resources */ = {
			isa = PBXResourcesBuildPhase;
			buildActionMask = 2147483647;
			files = (
			);
			runOnlyForDeploymentPostprocessing = 0;
		};
/* End PBXResourcesBuildPhase section */

/* Begin PBXSourcesBuildPhase section */
		F54AC1CA1CD4AFB100D2F307 /* Sources */ = {
			isa = PBXSourcesBuildPhase;
			buildActionMask = 2147483647;
			files = (
				F54AC1D41CD4AFB100D2F307 /* ViewController.swift in Sources */,
				F54AC1D21CD4AFB100D2F307 /* AppDelegate.swift in Sources */,
			);
			runOnlyForDeploymentPostprocessing = 0;
		};
		F54AC1DE1CD4AFB100D2F307 /* Sources */ = {
			isa = PBXSourcesBuildPhase;
			buildActionMask = 2147483647;
			files = (
				F54AC1E71CD4AFB100D2F307 /* ComponentsTests.swift in Sources */,
			);
			runOnlyForDeploymentPostprocessing = 0;
		};
		F54AC1E91CD4AFB100D2F307 /* Sources */ = {
			isa = PBXSourcesBuildPhase;
			buildActionMask = 2147483647;
			files = (
				F54AC1F21CD4AFB100D2F307 /* ComponentsUITests.swift in Sources */,
			);
			runOnlyForDeploymentPostprocessing = 0;
		};
/* End PBXSourcesBuildPhase section */

/* Begin PBXTargetDependency section */
		F54AC1E41CD4AFB100D2F307 /* PBXTargetDependency */ = {
			isa = PBXTargetDependency;
			target = F54AC1CD1CD4AFB100D2F307 /* Components */;
			targetProxy = F54AC1E31CD4AFB100D2F307 /* PBXContainerItemProxy */;
		};
		F54AC1EF1CD4AFB100D2F307 /* PBXTargetDependency */ = {
			isa = PBXTargetDependency;
			target = F54AC1CD1CD4AFB100D2F307 /* Components */;
			targetProxy = F54AC1EE1CD4AFB100D2F307 /* PBXContainerItemProxy */;
		};
/* End PBXTargetDependency section */

/* Begin PBXVariantGroup section */
		F54AC1D51CD4AFB100D2F307 /* Main.storyboard */ = {
			isa = PBXVariantGroup;
			children = (
				F54AC1D61CD4AFB100D2F307 /* Base */,
			);
			name = Main.storyboard;
			sourceTree = "<group>";
		};
		F54AC1DA1CD4AFB100D2F307 /* LaunchScreen.storyboard */ = {
			isa = PBXVariantGroup;
			children = (
				F54AC1DB1CD4AFB100D2F307 /* Base */,
			);
			name = LaunchScreen.storyboard;
			sourceTree = "<group>";
		};
/* End PBXVariantGroup section */

/* Begin XCBuildConfiguration section */
		F54AC1F41CD4AFB100D2F307 /* Debug */ = {
			isa = XCBuildConfiguration;
			buildSettings = {
				ALWAYS_SEARCH_USER_PATHS = NO;
				CLANG_ANALYZER_NONNULL = YES;
				CLANG_CXX_LANGUAGE_STANDARD = "gnu++0x";
				CLANG_CXX_LIBRARY = "libc++";
				CLANG_ENABLE_MODULES = YES;
				CLANG_ENABLE_OBJC_ARC = YES;
				CLANG_WARN_BOOL_CONVERSION = YES;
				CLANG_WARN_CONSTANT_CONVERSION = YES;
				CLANG_WARN_DIRECT_OBJC_ISA_USAGE = YES_ERROR;
				CLANG_WARN_EMPTY_BODY = YES;
				CLANG_WARN_ENUM_CONVERSION = YES;
				CLANG_WARN_INT_CONVERSION = YES;
				CLANG_WARN_OBJC_ROOT_CLASS = YES_ERROR;
				CLANG_WARN_UNREACHABLE_CODE = YES;
				CLANG_WARN__DUPLICATE_METHOD_MATCH = YES;
				"CODE_SIGN_IDENTITY[sdk=iphoneos*]" = "iPhone Developer";
				COPY_PHASE_STRIP = NO;
				DEBUG_INFORMATION_FORMAT = dwarf;
				ENABLE_STRICT_OBJC_MSGSEND = YES;
				ENABLE_TESTABILITY = YES;
				GCC_C_LANGUAGE_STANDARD = gnu99;
				GCC_DYNAMIC_NO_PIC = NO;
				GCC_NO_COMMON_BLOCKS = YES;
				GCC_OPTIMIZATION_LEVEL = 0;
				GCC_PREPROCESSOR_DEFINITIONS = (
					"DEBUG=1",
					"$(inherited)",
				);
				GCC_WARN_64_TO_32_BIT_CONVERSION = YES;
				GCC_WARN_ABOUT_RETURN_TYPE = YES_ERROR;
				GCC_WARN_UNDECLARED_SELECTOR = YES;
				GCC_WARN_UNINITIALIZED_AUTOS = YES_AGGRESSIVE;
				GCC_WARN_UNUSED_FUNCTION = YES;
				GCC_WARN_UNUSED_VARIABLE = YES;
				IPHONEOS_DEPLOYMENT_TARGET = 9.3;
				MTL_ENABLE_DEBUG_INFO = YES;
				ONLY_ACTIVE_ARCH = YES;
				SDKROOT = iphoneos;
				SWIFT_OPTIMIZATION_LEVEL = "-Onone";
				TARGETED_DEVICE_FAMILY = "1,2";
			};
			name = Debug;
		};
		F54AC1F51CD4AFB100D2F307 /* Release */ = {
			isa = XCBuildConfiguration;
			buildSettings = {
				ALWAYS_SEARCH_USER_PATHS = NO;
				CLANG_ANALYZER_NONNULL = YES;
				CLANG_CXX_LANGUAGE_STANDARD = "gnu++0x";
				CLANG_CXX_LIBRARY = "libc++";
				CLANG_ENABLE_MODULES = YES;
				CLANG_ENABLE_OBJC_ARC = YES;
				CLANG_WARN_BOOL_CONVERSION = YES;
				CLANG_WARN_CONSTANT_CONVERSION = YES;
				CLANG_WARN_DIRECT_OBJC_ISA_USAGE = YES_ERROR;
				CLANG_WARN_EMPTY_BODY = YES;
				CLANG_WARN_ENUM_CONVERSION = YES;
				CLANG_WARN_INT_CONVERSION = YES;
				CLANG_WARN_OBJC_ROOT_CLASS = YES_ERROR;
				CLANG_WARN_UNREACHABLE_CODE = YES;
				CLANG_WARN__DUPLICATE_METHOD_MATCH = YES;
				"CODE_SIGN_IDENTITY[sdk=iphoneos*]" = "iPhone Developer";
				COPY_PHASE_STRIP = NO;
				DEBUG_INFORMATION_FORMAT = "dwarf-with-dsym";
				ENABLE_NS_ASSERTIONS = NO;
				ENABLE_STRICT_OBJC_MSGSEND = YES;
				GCC_C_LANGUAGE_STANDARD = gnu99;
				GCC_NO_COMMON_BLOCKS = YES;
				GCC_WARN_64_TO_32_BIT_CONVERSION = YES;
				GCC_WARN_ABOUT_RETURN_TYPE = YES_ERROR;
				GCC_WARN_UNDECLARED_SELECTOR = YES;
				GCC_WARN_UNINITIALIZED_AUTOS = YES_AGGRESSIVE;
				GCC_WARN_UNUSED_FUNCTION = YES;
				GCC_WARN_UNUSED_VARIABLE = YES;
				IPHONEOS_DEPLOYMENT_TARGET = 9.3;
				MTL_ENABLE_DEBUG_INFO = NO;
				SDKROOT = iphoneos;
				TARGETED_DEVICE_FAMILY = "1,2";
				VALIDATE_PRODUCT = YES;
			};
			name = Release;
		};
		F54AC1F71CD4AFB100D2F307 /* Debug */ = {
			isa = XCBuildConfiguration;
			buildSettings = {
				ASSETCATALOG_COMPILER_APPICON_NAME = AppIcon;
				INFOPLIST_FILE = Components/Info.plist;
				LD_RUNPATH_SEARCH_PATHS = "$(inherited) @executable_path/Frameworks";
				PRODUCT_BUNDLE_IDENTIFIER = "-.Components";
				PRODUCT_NAME = "$(TARGET_NAME)";
			};
			name = Debug;
		};
		F54AC1F81CD4AFB100D2F307 /* Release */ = {
			isa = XCBuildConfiguration;
			buildSettings = {
				ASSETCATALOG_COMPILER_APPICON_NAME = AppIcon;
				INFOPLIST_FILE = Components/Info.plist;
				LD_RUNPATH_SEARCH_PATHS = "$(inherited) @executable_path/Frameworks";
				PRODUCT_BUNDLE_IDENTIFIER = "-.Components";
				PRODUCT_NAME = "$(TARGET_NAME)";
			};
			name = Release;
		};
		F54AC1FA1CD4AFB100D2F307 /* Debug */ = {
			isa = XCBuildConfiguration;
			buildSettings = {
				BUNDLE_LOADER = "$(TEST_HOST)";
				INFOPLIST_FILE = ComponentsTests/Info.plist;
				LD_RUNPATH_SEARCH_PATHS = "$(inherited) @executable_path/Frameworks @loader_path/Frameworks";
				PRODUCT_BUNDLE_IDENTIFIER = "-.ComponentsTests";
				PRODUCT_NAME = "$(TARGET_NAME)";
				TEST_HOST = "$(BUILT_PRODUCTS_DIR)/Components.app/Components";
			};
			name = Debug;
		};
		F54AC1FB1CD4AFB100D2F307 /* Release */ = {
			isa = XCBuildConfiguration;
			buildSettings = {
				BUNDLE_LOADER = "$(TEST_HOST)";
				INFOPLIST_FILE = ComponentsTests/Info.plist;
				LD_RUNPATH_SEARCH_PATHS = "$(inherited) @executable_path/Frameworks @loader_path/Frameworks";
				PRODUCT_BUNDLE_IDENTIFIER = "-.ComponentsTests";
				PRODUCT_NAME = "$(TARGET_NAME)";
				TEST_HOST = "$(BUILT_PRODUCTS_DIR)/Components.app/Components";
			};
			name = Release;
		};
		F54AC1FD1CD4AFB100D2F307 /* Debug */ = {
			isa = XCBuildConfiguration;
			buildSettings = {
				INFOPLIST_FILE = ComponentsUITests/Info.plist;
				LD_RUNPATH_SEARCH_PATHS = "$(inherited) @executable_path/Frameworks @loader_path/Frameworks";
				PRODUCT_BUNDLE_IDENTIFIER = "-.ComponentsUITests";
				PRODUCT_NAME = "$(TARGET_NAME)";
				TEST_TARGET_NAME = Components;
			};
			name = Debug;
		};
		F54AC1FE1CD4AFB100D2F307 /* Release */ = {
			isa = XCBuildConfiguration;
			buildSettings = {
				INFOPLIST_FILE = ComponentsUITests/Info.plist;
				LD_RUNPATH_SEARCH_PATHS = "$(inherited) @executable_path/Frameworks @loader_path/Frameworks";
				PRODUCT_BUNDLE_IDENTIFIER = "-.ComponentsUITests";
				PRODUCT_NAME = "$(TARGET_NAME)";
				TEST_TARGET_NAME = Components;
			};
			name = Release;
		};
/* End XCBuildConfiguration section */

/* Begin XCConfigurationList section */
		F54AC1C91CD4AFB100D2F307 /* Build configuration list for PBXProject "Components" */ = {
			isa = XCConfigurationList;
			buildConfigurations = (
				F54AC1F41CD4AFB100D2F307 /* Debug */,
				F54AC1F51CD4AFB100D2F307 /* Release */,
			);
			defaultConfigurationIsVisible = 0;
			defaultConfigurationName = Release;
		};
		F54AC1F61CD4AFB100D2F307 /* Build configuration list for PBXNativeTarget "Components" */ = {
			isa = XCConfigurationList;
			buildConfigurations = (
				F54AC1F71CD4AFB100D2F307 /* Debug */,
				F54AC1F81CD4AFB100D2F307 /* Release */,
			);
			defaultConfigurationIsVisible = 0;
		};
		F54AC1F91CD4AFB100D2F307 /* Build configuration list for PBXNativeTarget "ComponentsTests" */ = {
			isa = XCConfigurationList;
			buildConfigurations = (
				F54AC1FA1CD4AFB100D2F307 /* Debug */,
				F54AC1FB1CD4AFB100D2F307 /* Release */,
			);
			defaultConfigurationIsVisible = 0;
		};
		F54AC1FC1CD4AFB100D2F307 /* Build configuration list for PBXNativeTarget "ComponentsUITests" */ = {
			isa = XCConfigurationList;
			buildConfigurations = (
				F54AC1FD1CD4AFB100D2F307 /* Debug */,
				F54AC1FE1CD4AFB100D2F307 /* Release */,
			);
			defaultConfigurationIsVisible = 0;
		};
/* End XCConfigurationList section */
	};
	rootObject = F54AC1C61CD4AFB100D2F307 /* Project object */;
}
